// !$*UTF8*$!
{
	archiveVersion = 1;
	classes = {
	};
	objectVersion = 56;
	objects = {

/* Begin PBXBuildFile section */
		919B23982CA00ED900B06B98 /* AppDelegate.swift in Sources */ = {isa = PBXBuildFile; fileRef = 919B23972CA00ED900B06B98 /* AppDelegate.swift */; };
		919B239A2CA00ED900B06B98 /* SceneDelegate.swift in Sources */ = {isa = PBXBuildFile; fileRef = 919B23992CA00ED900B06B98 /* SceneDelegate.swift */; };
		919B239C2CA00ED900B06B98 /* ViewController.swift in Sources */ = {isa = PBXBuildFile; fileRef = 919B239B2CA00ED900B06B98 /* ViewController.swift */; };
		919B239F2CA00ED900B06B98 /* Main.storyboard in Resources */ = {isa = PBXBuildFile; fileRef = 919B239D2CA00ED900B06B98 /* Main.storyboard */; };
		919B23A12CA00EDA00B06B98 /* Assets.xcassets in Resources */ = {isa = PBXBuildFile; fileRef = 919B23A02CA00EDA00B06B98 /* Assets.xcassets */; };
		919B23A42CA00EDA00B06B98 /* LaunchScreen.storyboard in Resources */ = {isa = PBXBuildFile; fileRef = 919B23A22CA00EDA00B06B98 /* LaunchScreen.storyboard */; };
		919B23AF2CA00EDA00B06B98 /* countDownTests.swift in Sources */ = {isa = PBXBuildFile; fileRef = 919B23AE2CA00EDA00B06B98 /* countDownTests.swift */; };
		919B23B92CA00EDA00B06B98 /* countDownUITests.swift in Sources */ = {isa = PBXBuildFile; fileRef = 919B23B82CA00EDA00B06B98 /* countDownUITests.swift */; };
		919B23BB2CA00EDA00B06B98 /* countDownUITestsLaunchTests.swift in Sources */ = {isa = PBXBuildFile; fileRef = 919B23BA2CA00EDA00B06B98 /* countDownUITestsLaunchTests.swift */; };
/* End PBXBuildFile section */

/* Begin PBXContainerItemProxy section */
		919B23AB2CA00EDA00B06B98 /* PBXContainerItemProxy */ = {
			isa = PBXContainerItemProxy;
			containerPortal = 919B238C2CA00ED900B06B98 /* Project object */;
			proxyType = 1;
			remoteGlobalIDString = 919B23932CA00ED900B06B98;
			remoteInfo = countDown;
		};
		919B23B52CA00EDA00B06B98 /* PBXContainerItemProxy */ = {
			isa = PBXContainerItemProxy;
			containerPortal = 919B238C2CA00ED900B06B98 /* Project object */;
			proxyType = 1;
			remoteGlobalIDString = 919B23932CA00ED900B06B98;
			remoteInfo = countDown;
		};
/* End PBXContainerItemProxy section */

/* Begin PBXFileReference section */
		919B23942CA00ED900B06B98 /* countDown.app */ = {isa = PBXFileReference; explicitFileType = wrapper.application; includeInIndex = 0; path = countDown.app; sourceTree = BUILT_PRODUCTS_DIR; };
		919B23972CA00ED900B06B98 /* AppDelegate.swift */ = {isa = PBXFileReference; lastKnownFileType = sourcecode.swift; path = AppDelegate.swift; sourceTree = "<group>"; };
		919B23992CA00ED900B06B98 /* SceneDelegate.swift */ = {isa = PBXFileReference; lastKnownFileType = sourcecode.swift; path = SceneDelegate.swift; sourceTree = "<group>"; };
		919B239B2CA00ED900B06B98 /* ViewController.swift */ = {isa = PBXFileReference; lastKnownFileType = sourcecode.swift; path = ViewController.swift; sourceTree = "<group>"; };
		919B239E2CA00ED900B06B98 /* Base */ = {isa = PBXFileReference; lastKnownFileType = file.storyboard; name = Base; path = Base.lproj/Main.storyboard; sourceTree = "<group>"; };
		919B23A02CA00EDA00B06B98 /* Assets.xcassets */ = {isa = PBXFileReference; lastKnownFileType = folder.assetcatalog; path = Assets.xcassets; sourceTree = "<group>"; };
		919B23A32CA00EDA00B06B98 /* Base */ = {isa = PBXFileReference; lastKnownFileType = file.storyboard; name = Base; path = Base.lproj/LaunchScreen.storyboard; sourceTree = "<group>"; };
		919B23A52CA00EDA00B06B98 /* Info.plist */ = {isa = PBXFileReference; lastKnownFileType = text.plist.xml; path = Info.plist; sourceTree = "<group>"; };
		919B23AA2CA00EDA00B06B98 /* countDownTests.xctest */ = {isa = PBXFileReference; explicitFileType = wrapper.cfbundle; includeInIndex = 0; path = countDownTests.xctest; sourceTree = BUILT_PRODUCTS_DIR; };
		919B23AE2CA00EDA00B06B98 /* countDownTests.swift */ = {isa = PBXFileReference; lastKnownFileType = sourcecode.swift; path = countDownTests.swift; sourceTree = "<group>"; };
		919B23B42CA00EDA00B06B98 /* countDownUITests.xctest */ = {isa = PBXFileReference; explicitFileType = wrapper.cfbundle; includeInIndex = 0; path = countDownUITests.xctest; sourceTree = BUILT_PRODUCTS_DIR; };
		919B23B82CA00EDA00B06B98 /* countDownUITests.swift */ = {isa = PBXFileReference; lastKnownFileType = sourcecode.swift; path = countDownUITests.swift; sourceTree = "<group>"; };
		919B23BA2CA00EDA00B06B98 /* countDownUITestsLaunchTests.swift */ = {isa = PBXFileReference; lastKnownFileType = sourcecode.swift; path = countDownUITestsLaunchTests.swift; sourceTree = "<group>"; };
/* End PBXFileReference section */

/* Begin PBXFrameworksBuildPhase section */
		919B23912CA00ED900B06B98 /* Frameworks */ = {
			isa = PBXFrameworksBuildPhase;
			buildActionMask = 2147483647;
			files = (
			);
			runOnlyForDeploymentPostprocessing = 0;
		};
		919B23A72CA00EDA00B06B98 /* Frameworks */ = {
			isa = PBXFrameworksBuildPhase;
			buildActionMask = 2147483647;
			files = (
			);
			runOnlyForDeploymentPostprocessing = 0;
		};
		919B23B12CA00EDA00B06B98 /* Frameworks */ = {
			isa = PBXFrameworksBuildPhase;
			buildActionMask = 2147483647;
			files = (
			);
			runOnlyForDeploymentPostprocessing = 0;
		};
/* End PBXFrameworksBuildPhase section */

/* Begin PBXGroup section */
		919B238B2CA00ED900B06B98 = {
			isa = PBXGroup;
			children = (
				919B23962CA00ED900B06B98 /* countDown */,
				919B23AD2CA00EDA00B06B98 /* countDownTests */,
				919B23B72CA00EDA00B06B98 /* countDownUITests */,
				919B23952CA00ED900B06B98 /* Products */,
			);
			sourceTree = "<group>";
		};
		919B23952CA00ED900B06B98 /* Products */ = {
			isa = PBXGroup;
			children = (
				919B23942CA00ED900B06B98 /* countDown.app */,
				919B23AA2CA00EDA00B06B98 /* countDownTests.xctest */,
				919B23B42CA00EDA00B06B98 /* countDownUITests.xctest */,
			);
			name = Products;
			sourceTree = "<group>";
		};
		919B23962CA00ED900B06B98 /* countDown */ = {
			isa = PBXGroup;
			children = (
				919B23972CA00ED900B06B98 /* AppDelegate.swift */,
				919B23992CA00ED900B06B98 /* SceneDelegate.swift */,
				919B239B2CA00ED900B06B98 /* ViewController.swift */,
				919B239D2CA00ED900B06B98 /* Main.storyboard */,
				919B23A02CA00EDA00B06B98 /* Assets.xcassets */,
				919B23A22CA00EDA00B06B98 /* LaunchScreen.storyboard */,
				919B23A52CA00EDA00B06B98 /* Info.plist */,
			);
			path = countDown;
			sourceTree = "<group>";
		};
		919B23AD2CA00EDA00B06B98 /* countDownTests */ = {
			isa = PBXGroup;
			children = (
				919B23AE2CA00EDA00B06B98 /* countDownTests.swift */,
			);
			path = countDownTests;
			sourceTree = "<group>";
		};
		919B23B72CA00EDA00B06B98 /* countDownUITests */ = {
			isa = PBXGroup;
			children = (
				919B23B82CA00EDA00B06B98 /* countDownUITests.swift */,
				919B23BA2CA00EDA00B06B98 /* countDownUITestsLaunchTests.swift */,
			);
			path = countDownUITests;
			sourceTree = "<group>";
		};
/* End PBXGroup section */

/* Begin PBXNativeTarget section */
		919B23932CA00ED900B06B98 /* countDown */ = {
			isa = PBXNativeTarget;
			buildConfigurationList = 919B23BE2CA00EDA00B06B98 /* Build configuration list for PBXNativeTarget "countDown" */;
			buildPhases = (
				919B23902CA00ED900B06B98 /* Sources */,
				919B23912CA00ED900B06B98 /* Frameworks */,
				919B23922CA00ED900B06B98 /* Resources */,
			);
			buildRules = (
			);
			dependencies = (
			);
			name = countDown;
			productName = countDown;
			productReference = 919B23942CA00ED900B06B98 /* countDown.app */;
			productType = "com.apple.product-type.application";
		};
		919B23A92CA00EDA00B06B98 /* countDownTests */ = {
			isa = PBXNativeTarget;
			buildConfigurationList = 919B23C12CA00EDA00B06B98 /* Build configuration list for PBXNativeTarget "countDownTests" */;
			buildPhases = (
				919B23A62CA00EDA00B06B98 /* Sources */,
				919B23A72CA00EDA00B06B98 /* Frameworks */,
				919B23A82CA00EDA00B06B98 /* Resources */,
			);
			buildRules = (
			);
			dependencies = (
				919B23AC2CA00EDA00B06B98 /* PBXTargetDependency */,
			);
			name = countDownTests;
			productName = countDownTests;
			productReference = 919B23AA2CA00EDA00B06B98 /* countDownTests.xctest */;
			productType = "com.apple.product-type.bundle.unit-test";
		};
		919B23B32CA00EDA00B06B98 /* countDownUITests */ = {
			isa = PBXNativeTarget;
			buildConfigurationList = 919B23C42CA00EDA00B06B98 /* Build configuration list for PBXNativeTarget "countDownUITests" */;
			buildPhases = (
				919B23B02CA00EDA00B06B98 /* Sources */,
				919B23B12CA00EDA00B06B98 /* Frameworks */,
				919B23B22CA00EDA00B06B98 /* Resources */,
			);
			buildRules = (
			);
			dependencies = (
				919B23B62CA00EDA00B06B98 /* PBXTargetDependency */,
			);
			name = countDownUITests;
			productName = countDownUITests;
			productReference = 919B23B42CA00EDA00B06B98 /* countDownUITests.xctest */;
			productType = "com.apple.product-type.bundle.ui-testing";
		};
/* End PBXNativeTarget section */

/* Begin PBXProject section */
		919B238C2CA00ED900B06B98 /* Project object */ = {
			isa = PBXProject;
			attributes = {
				BuildIndependentTargetsInParallel = 1;
				LastSwiftUpdateCheck = 1520;
				LastUpgradeCheck = 1520;
				TargetAttributes = {
					919B23932CA00ED900B06B98 = {
						CreatedOnToolsVersion = 15.2;
					};
					919B23A92CA00EDA00B06B98 = {
						CreatedOnToolsVersion = 15.2;
						TestTargetID = 919B23932CA00ED900B06B98;
					};
					919B23B32CA00EDA00B06B98 = {
						CreatedOnToolsVersion = 15.2;
						TestTargetID = 919B23932CA00ED900B06B98;
					};
				};
			};
			buildConfigurationList = 919B238F2CA00ED900B06B98 /* Build configuration list for PBXProject "countDown" */;
			compatibilityVersion = "Xcode 14.0";
			developmentRegion = en;
			hasScannedForEncodings = 0;
			knownRegions = (
				en,
				Base,
			);
			mainGroup = 919B238B2CA00ED900B06B98;
			productRefGroup = 919B23952CA00ED900B06B98 /* Products */;
			projectDirPath = "";
			projectRoot = "";
			targets = (
				919B23932CA00ED900B06B98 /* countDown */,
				919B23A92CA00EDA00B06B98 /* countDownTests */,
				919B23B32CA00EDA00B06B98 /* countDownUITests */,
			);
		};
/* End PBXProject section */

/* Begin PBXResourcesBuildPhase section */
		919B23922CA00ED900B06B98 /* Resources */ = {
			isa = PBXResourcesBuildPhase;
			buildActionMask = 2147483647;
			files = (
				919B23A42CA00EDA00B06B98 /* LaunchScreen.storyboard in Resources */,
				919B23A12CA00EDA00B06B98 /* Assets.xcassets in Resources */,
				919B239F2CA00ED900B06B98 /* Main.storyboard in Resources */,
			);
			runOnlyForDeploymentPostprocessing = 0;
		};
		919B23A82CA00EDA00B06B98 /* Resources */ = {
			isa = PBXResourcesBuildPhase;
			buildActionMask = 2147483647;
			files = (
			);
			runOnlyForDeploymentPostprocessing = 0;
		};
		919B23B22CA00EDA00B06B98 /* Resources */ = {
			isa = PBXResourcesBuildPhase;
			buildActionMask = 2147483647;
			files = (
			);
			runOnlyForDeploymentPostprocessing = 0;
		};
/* End PBXResourcesBuildPhase section */

/* Begin PBXSourcesBuildPhase section */
		919B23902CA00ED900B06B98 /* Sources */ = {
			isa = PBXSourcesBuildPhase;
			buildActionMask = 2147483647;
			files = (
				919B239C2CA00ED900B06B98 /* ViewController.swift in Sources */,
				919B23982CA00ED900B06B98 /* AppDelegate.swift in Sources */,
				919B239A2CA00ED900B06B98 /* SceneDelegate.swift in Sources */,
			);
			runOnlyForDeploymentPostprocessing = 0;
		};
		919B23A62CA00EDA00B06B98 /* Sources */ = {
			isa = PBXSourcesBuildPhase;
			buildActionMask = 2147483647;
			files = (
				919B23AF2CA00EDA00B06B98 /* countDownTests.swift in Sources */,
			);
			runOnlyForDeploymentPostprocessing = 0;
		};
		919B23B02CA00EDA00B06B98 /* Sources */ = {
			isa = PBXSourcesBuildPhase;
			buildActionMask = 2147483647;
			files = (
				919B23BB2CA00EDA00B06B98 /* countDownUITestsLaunchTests.swift in Sources */,
				919B23B92CA00EDA00B06B98 /* countDownUITests.swift in Sources */,
			);
			runOnlyForDeploymentPostprocessing = 0;
		};
/* End PBXSourcesBuildPhase section */

/* Begin PBXTargetDependency section */
		919B23AC2CA00EDA00B06B98 /* PBXTargetDependency */ = {
			isa = PBXTargetDependency;
			target = 919B23932CA00ED900B06B98 /* countDown */;
			targetProxy = 919B23AB2CA00EDA00B06B98 /* PBXContainerItemProxy */;
		};
		919B23B62CA00EDA00B06B98 /* PBXTargetDependency */ = {
			isa = PBXTargetDependency;
			target = 919B23932CA00ED900B06B98 /* countDown */;
			targetProxy = 919B23B52CA00EDA00B06B98 /* PBXContainerItemProxy */;
		};
/* End PBXTargetDependency section */

/* Begin PBXVariantGroup section */
		919B239D2CA00ED900B06B98 /* Main.storyboard */ = {
			isa = PBXVariantGroup;
			children = (
				919B239E2CA00ED900B06B98 /* Base */,
			);
			name = Main.storyboard;
			sourceTree = "<group>";
		};
		919B23A22CA00EDA00B06B98 /* LaunchScreen.storyboard */ = {
			isa = PBXVariantGroup;
			children = (
				919B23A32CA00EDA00B06B98 /* Base */,
			);
			name = LaunchScreen.storyboard;
			sourceTree = "<group>";
		};
/* End PBXVariantGroup section */

/* Begin XCBuildConfiguration section */
		919B23BC2CA00EDA00B06B98 /* Debug */ = {
			isa = XCBuildConfiguration;
			buildSettings = {
				ALWAYS_SEARCH_USER_PATHS = NO;
				ASSETCATALOG_COMPILER_GENERATE_SWIFT_ASSET_SYMBOL_EXTENSIONS = YES;
				CLANG_ANALYZER_NONNULL = YES;
				CLANG_ANALYZER_NUMBER_OBJECT_CONVERSION = YES_AGGRESSIVE;
				CLANG_CXX_LANGUAGE_STANDARD = "gnu++20";
				CLANG_ENABLE_MODULES = YES;
				CLANG_ENABLE_OBJC_ARC = YES;
				CLANG_ENABLE_OBJC_WEAK = YES;
				CLANG_WARN_BLOCK_CAPTURE_AUTORELEASING = YES;
				CLANG_WARN_BOOL_CONVERSION = YES;
				CLANG_WARN_COMMA = YES;
				CLANG_WARN_CONSTANT_CONVERSION = YES;
				CLANG_WARN_DEPRECATED_OBJC_IMPLEMENTATIONS = YES;
				CLANG_WARN_DIRECT_OBJC_ISA_USAGE = YES_ERROR;
				CLANG_WARN_DOCUMENTATION_COMMENTS = YES;
				CLANG_WARN_EMPTY_BODY = YES;
				CLANG_WARN_ENUM_CONVERSION = YES;
				CLANG_WARN_INFINITE_RECURSION = YES;
				CLANG_WARN_INT_CONVERSION = YES;
				CLANG_WARN_NON_LITERAL_NULL_CONVERSION = YES;
				CLANG_WARN_OBJC_IMPLICIT_RETAIN_SELF = YES;
				CLANG_WARN_OBJC_LITERAL_CONVERSION = YES;
				CLANG_WARN_OBJC_ROOT_CLASS = YES_ERROR;
				CLANG_WARN_QUOTED_INCLUDE_IN_FRAMEWORK_HEADER = YES;
				CLANG_WARN_RANGE_LOOP_ANALYSIS = YES;
				CLANG_WARN_STRICT_PROTOTYPES = YES;
				CLANG_WARN_SUSPICIOUS_MOVE = YES;
				CLANG_WARN_UNGUARDED_AVAILABILITY = YES_AGGRESSIVE;
				CLANG_WARN_UNREACHABLE_CODE = YES;
				CLANG_WARN__DUPLICATE_METHOD_MATCH = YES;
				COPY_PHASE_STRIP = NO;
				DEBUG_INFORMATION_FORMAT = dwarf;
				ENABLE_STRICT_OBJC_MSGSEND = YES;
				ENABLE_TESTABILITY = YES;
				ENABLE_USER_SCRIPT_SANDBOXING = YES;
				GCC_C_LANGUAGE_STANDARD = gnu17;
				GCC_DYNAMIC_NO_PIC = NO;
				GCC_NO_COMMON_BLOCKS = YES;
				GCC_OPTIMIZATION_LEVEL = 0;
				GCC_PREPROCESSOR_DEFINITIONS = (
					"DEBUG=1",
					"$(inherited)",
				);
				GCC_WARN_64_TO_32_BIT_CONVERSION = YES;
				GCC_WARN_ABOUT_RETURN_TYPE = YES_ERROR;
				GCC_WARN_UNDECLARED_SELECTOR = YES;
				GCC_WARN_UNINITIALIZED_AUTOS = YES_AGGRESSIVE;
				GCC_WARN_UNUSED_FUNCTION = YES;
				GCC_WARN_UNUSED_VARIABLE = YES;
				IPHONEOS_DEPLOYMENT_TARGET = 17.2;
				LOCALIZATION_PREFERS_STRING_CATALOGS = YES;
				MTL_ENABLE_DEBUG_INFO = INCLUDE_SOURCE;
				MTL_FAST_MATH = YES;
				ONLY_ACTIVE_ARCH = YES;
				SDKROOT = iphoneos;
				SWIFT_ACTIVE_COMPILATION_CONDITIONS = "DEBUG $(inherited)";
				SWIFT_OPTIMIZATION_LEVEL = "-Onone";
			};
			name = Debug;
		};
		919B23BD2CA00EDA00B06B98 /* Release */ = {
			isa = XCBuildConfiguration;
			buildSettings = {
				ALWAYS_SEARCH_USER_PATHS = NO;
				ASSETCATALOG_COMPILER_GENERATE_SWIFT_ASSET_SYMBOL_EXTENSIONS = YES;
				CLANG_ANALYZER_NONNULL = YES;
				CLANG_ANALYZER_NUMBER_OBJECT_CONVERSION = YES_AGGRESSIVE;
				CLANG_CXX_LANGUAGE_STANDARD = "gnu++20";
				CLANG_ENABLE_MODULES = YES;
				CLANG_ENABLE_OBJC_ARC = YES;
				CLANG_ENABLE_OBJC_WEAK = YES;
				CLANG_WARN_BLOCK_CAPTURE_AUTORELEASING = YES;
				CLANG_WARN_BOOL_CONVERSION = YES;
				CLANG_WARN_COMMA = YES;
				CLANG_WARN_CONSTANT_CONVERSION = YES;
				CLANG_WARN_DEPRECATED_OBJC_IMPLEMENTATIONS = YES;
				CLANG_WARN_DIRECT_OBJC_ISA_USAGE = YES_ERROR;
				CLANG_WARN_DOCUMENTATION_COMMENTS = YES;
				CLANG_WARN_EMPTY_BODY = YES;
				CLANG_WARN_ENUM_CONVERSION = YES;
				CLANG_WARN_INFINITE_RECURSION = YES;
				CLANG_WARN_INT_CONVERSION = YES;
				CLANG_WARN_NON_LITERAL_NULL_CONVERSION = YES;
				CLANG_WARN_OBJC_IMPLICIT_RETAIN_SELF = YES;
				CLANG_WARN_OBJC_LITERAL_CONVERSION = YES;
				CLANG_WARN_OBJC_ROOT_CLASS = YES_ERROR;
				CLANG_WARN_QUOTED_INCLUDE_IN_FRAMEWORK_HEADER = YES;
				CLANG_WARN_RANGE_LOOP_ANALYSIS = YES;
				CLANG_WARN_STRICT_PROTOTYPES = YES;
				CLANG_WARN_SUSPICIOUS_MOVE = YES;
				CLANG_WARN_UNGUARDED_AVAILABILITY = YES_AGGRESSIVE;
				CLANG_WARN_UNREACHABLE_CODE = YES;
				CLANG_WARN__DUPLICATE_METHOD_MATCH = YES;
				COPY_PHASE_STRIP = NO;
				DEBUG_INFORMATION_FORMAT = "dwarf-with-dsym";
				ENABLE_NS_ASSERTIONS = NO;
				ENABLE_STRICT_OBJC_MSGSEND = YES;
				ENABLE_USER_SCRIPT_SANDBOXING = YES;
				GCC_C_LANGUAGE_STANDARD = gnu17;
				GCC_NO_COMMON_BLOCKS = YES;
				GCC_WARN_64_TO_32_BIT_CONVERSION = YES;
				GCC_WARN_ABOUT_RETURN_TYPE = YES_ERROR;
				GCC_WARN_UNDECLARED_SELECTOR = YES;
				GCC_WARN_UNINITIALIZED_AUTOS = YES_AGGRESSIVE;
				GCC_WARN_UNUSED_FUNCTION = YES;
				GCC_WARN_UNUSED_VARIABLE = YES;
				IPHONEOS_DEPLOYMENT_TARGET = 17.2;
				LOCALIZATION_PREFERS_STRING_CATALOGS = YES;
				MTL_ENABLE_DEBUG_INFO = NO;
				MTL_FAST_MATH = YES;
				SDKROOT = iphoneos;
				SWIFT_COMPILATION_MODE = wholemodule;
				VALIDATE_PRODUCT = YES;
			};
			name = Release;
		};
		919B23BF2CA00EDA00B06B98 /* Debug */ = {
			isa = XCBuildConfiguration;
			buildSettings = {
				ASSETCATALOG_COMPILER_APPICON_NAME = AppIcon;
				ASSETCATALOG_COMPILER_GLOBAL_ACCENT_COLOR_NAME = AccentColor;
				CODE_SIGN_STYLE = Automatic;
				CURRENT_PROJECT_VERSION = 1;
				GENERATE_INFOPLIST_FILE = YES;
				INFOPLIST_FILE = countDown/Info.plist;
				INFOPLIST_KEY_UIApplicationSupportsIndirectInputEvents = YES;
				INFOPLIST_KEY_UILaunchStoryboardName = LaunchScreen;
				INFOPLIST_KEY_UIMainStoryboardFile = Main;
				INFOPLIST_KEY_UISupportedInterfaceOrientations_iPad = "UIInterfaceOrientationPortrait UIInterfaceOrientationPortraitUpsideDown UIInterfaceOrientationLandscapeLeft UIInterfaceOrientationLandscapeRight";
				INFOPLIST_KEY_UISupportedInterfaceOrientations_iPhone = "UIInterfaceOrientationPortrait UIInterfaceOrientationLandscapeLeft UIInterfaceOrientationLandscapeRight";
				LD_RUNPATH_SEARCH_PATHS = (
					"$(inherited)",
					"@executable_path/Frameworks",
				);
				MARKETING_VERSION = 1.0;
				PRODUCT_BUNDLE_IDENTIFIER = com.example.countDown;
				PRODUCT_NAME = "$(TARGET_NAME)";
				SWIFT_EMIT_LOC_STRINGS = YES;
				SWIFT_VERSION = 5.0;
				TARGETED_DEVICE_FAMILY = "1,2";
			};
			name = Debug;
		};
		919B23C02CA00EDA00B06B98 /* Release */ = {
			isa = XCBuildConfiguration;
			buildSettings = {
				ASSETCATALOG_COMPILER_APPICON_NAME = AppIcon;
				ASSETCATALOG_COMPILER_GLOBAL_ACCENT_COLOR_NAME = AccentColor;
				CODE_SIGN_STYLE = Automatic;
				CURRENT_PROJECT_VERSION = 1;
				GENERATE_INFOPLIST_FILE = YES;
				INFOPLIST_FILE = countDown/Info.plist;
				INFOPLIST_KEY_UIApplicationSupportsIndirectInputEvents = YES;
				INFOPLIST_KEY_UILaunchStoryboardName = LaunchScreen;
				INFOPLIST_KEY_UIMainStoryboardFile = Main;
				INFOPLIST_KEY_UISupportedInterfaceOrientations_iPad = "UIInterfaceOrientationPortrait UIInterfaceOrientationPortraitUpsideDown UIInterfaceOrientationLandscapeLeft UIInterfaceOrientationLandscapeRight";
				INFOPLIST_KEY_UISupportedInterfaceOrientations_iPhone = "UIInterfaceOrientationPortrait UIInterfaceOrientationLandscapeLeft UIInterfaceOrientationLandscapeRight";
				LD_RUNPATH_SEARCH_PATHS = (
					"$(inherited)",
					"@executable_path/Frameworks",
				);
				MARKETING_VERSION = 1.0;
				PRODUCT_BUNDLE_IDENTIFIER = com.example.countDown;
				PRODUCT_NAME = "$(TARGET_NAME)";
				SWIFT_EMIT_LOC_STRINGS = YES;
				SWIFT_VERSION = 5.0;
				TARGETED_DEVICE_FAMILY = "1,2";
			};
			name = Release;
		};
		919B23C22CA00EDA00B06B98 /* Debug */ = {
			isa = XCBuildConfiguration;
			buildSettings = {
				ALWAYS_EMBED_SWIFT_STANDARD_LIBRARIES = YES;
				BUNDLE_LOADER = "$(TEST_HOST)";
				CODE_SIGN_STYLE = Automatic;
				CURRENT_PROJECT_VERSION = 1;
				GENERATE_INFOPLIST_FILE = YES;
				IPHONEOS_DEPLOYMENT_TARGET = 17.2;
				MARKETING_VERSION = 1.0;
				PRODUCT_BUNDLE_IDENTIFIER = com.example.countDownTests;
				PRODUCT_NAME = "$(TARGET_NAME)";
				SWIFT_EMIT_LOC_STRINGS = NO;
				SWIFT_VERSION = 5.0;
				TARGETED_DEVICE_FAMILY = "1,2";
				TEST_HOST = "$(BUILT_PRODUCTS_DIR)/countDown.app/$(BUNDLE_EXECUTABLE_FOLDER_PATH)/countDown";
			};
			name = Debug;
		};
		919B23C32CA00EDA00B06B98 /* Release */ = {
			isa = XCBuildConfiguration;
			buildSettings = {
				ALWAYS_EMBED_SWIFT_STANDARD_LIBRARIES = YES;
				BUNDLE_LOADER = "$(TEST_HOST)";
				CODE_SIGN_STYLE = Automatic;
				CURRENT_PROJECT_VERSION = 1;
				GENERATE_INFOPLIST_FILE = YES;
				IPHONEOS_DEPLOYMENT_TARGET = 17.2;
				MARKETING_VERSION = 1.0;
				PRODUCT_BUNDLE_IDENTIFIER = com.example.countDownTests;
				PRODUCT_NAME = "$(TARGET_NAME)";
				SWIFT_EMIT_LOC_STRINGS = NO;
				SWIFT_VERSION = 5.0;
				TARGETED_DEVICE_FAMILY = "1,2";
				TEST_HOST = "$(BUILT_PRODUCTS_DIR)/countDown.app/$(BUNDLE_EXECUTABLE_FOLDER_PATH)/countDown";
			};
			name = Release;
		};
		919B23C52CA00EDA00B06B98 /* Debug */ = {
			isa = XCBuildConfiguration;
			buildSettings = {
				ALWAYS_EMBED_SWIFT_STANDARD_LIBRARIES = YES;
				CODE_SIGN_STYLE = Automatic;
				CURRENT_PROJECT_VERSION = 1;
				GENERATE_INFOPLIST_FILE = YES;
				MARKETING_VERSION = 1.0;
				PRODUCT_BUNDLE_IDENTIFIER = com.example.countDownUITests;
				PRODUCT_NAME = "$(TARGET_NAME)";
				SWIFT_EMIT_LOC_STRINGS = NO;
				SWIFT_VERSION = 5.0;
				TARGETED_DEVICE_FAMILY = "1,2";
				TEST_TARGET_NAME = countDown;
			};
			name = Debug;
		};
		919B23C62CA00EDA00B06B98 /* Release */ = {
			isa = XCBuildConfiguration;
			buildSettings = {
				ALWAYS_EMBED_SWIFT_STANDARD_LIBRARIES = YES;
				CODE_SIGN_STYLE = Automatic;
				CURRENT_PROJECT_VERSION = 1;
				GENERATE_INFOPLIST_FILE = YES;
				MARKETING_VERSION = 1.0;
				PRODUCT_BUNDLE_IDENTIFIER = com.example.countDownUITests;
				PRODUCT_NAME = "$(TARGET_NAME)";
				SWIFT_EMIT_LOC_STRINGS = NO;
				SWIFT_VERSION = 5.0;
				TARGETED_DEVICE_FAMILY = "1,2";
				TEST_TARGET_NAME = countDown;
			};
			name = Release;
		};
/* End XCBuildConfiguration section */

/* Begin XCConfigurationList section */
		919B238F2CA00ED900B06B98 /* Build configuration list for PBXProject "countDown" */ = {
			isa = XCConfigurationList;
			buildConfigurations = (
				919B23BC2CA00EDA00B06B98 /* Debug */,
				919B23BD2CA00EDA00B06B98 /* Release */,
			);
			defaultConfigurationIsVisible = 0;
			defaultConfigurationName = Release;
		};
		919B23BE2CA00EDA00B06B98 /* Build configuration list for PBXNativeTarget "countDown" */ = {
			isa = XCConfigurationList;
			buildConfigurations = (
				919B23BF2CA00EDA00B06B98 /* Debug */,
				919B23C02CA00EDA00B06B98 /* Release */,
			);
			defaultConfigurationIsVisible = 0;
			defaultConfigurationName = Release;
		};
		919B23C12CA00EDA00B06B98 /* Build configuration list for PBXNativeTarget "countDownTests" */ = {
			isa = XCConfigurationList;
			buildConfigurations = (
				919B23C22CA00EDA00B06B98 /* Debug */,
				919B23C32CA00EDA00B06B98 /* Release */,
			);
			defaultConfigurationIsVisible = 0;
			defaultConfigurationName = Release;
		};
		919B23C42CA00EDA00B06B98 /* Build configuration list for PBXNativeTarget "countDownUITests" */ = {
			isa = XCConfigurationList;
			buildConfigurations = (
				919B23C52CA00EDA00B06B98 /* Debug */,
				919B23C62CA00EDA00B06B98 /* Release */,
			);
			defaultConfigurationIsVisible = 0;
			defaultConfigurationName = Release;
		};
/* End XCConfigurationList section */
	};
	rootObject = 919B238C2CA00ED900B06B98 /* Project object */;
}
